
Microsoft Visual Studio Solution File, Format Version 12.00
# Visual Studio Version 16
VisualStudioVersion = 16.0.29519.181
MinimumVisualStudioVersion = 10.0.40219.1
Project("{FAE04EC0-301F-11D3-BF4B-00C04F79EFBC}") = "Winforms Embedded Web Server", "Winforms Embedded Web Server\Winforms Embedded Web Server.csproj", "{D10E5881-C580-4162-B406-B7C74EC1F9B6}"
EndProject
Global
	GlobalSection(SolutionConfigurationPlatforms) = preSolution
		Debug|Any CPU = Debug|Any CPU
		Release|Any CPU = Release|Any CPU
	EndGlobalSection
	GlobalSection(ProjectConfigurationPlatforms) = postSolution
		{D10E5881-C580-4162-B406-B7C74EC1F9B6}.Debug|Any CPU.ActiveCfg = Debug|Any CPU
		{D10E5881-C580-4162-B406-B7C74EC1F9B6}.Debug|Any CPU.Build.0 = Debug|Any CPU
		{D10E5881-C580-4162-B406-B7C74EC1F9B6}.Release|Any CPU.ActiveCfg = Release|Any CPU
		{D10E5881-C580-4162-B406-B7C74EC1F9B6}.Release|Any CPU.Build.0 = Release|Any CPU
	EndGlobalSection
	GlobalSection(SolutionProperties) = preSolution
		HideSolutionNode = FALSE
	EndGlobalSection
	GlobalSection(ExtensibilityGlobals) = postSolution
		SolutionGuid = {5CFBBE6A-7D44-49DD-B33B-4BAA464BAAC3}
	EndGlobalSection
EndGlobal
